
Microsoft Visual Studio Solution File, Format Version 12.00
# Visual Studio Version 16
VisualStudioVersion = 16.0.31702.278
MinimumVisualStudioVersion = 10.0.40219.1
Project("{FAE04EC0-301F-11D3-BF4B-00C04F79EFBC}") = "Persa_PaulaDenisa_Lab5", "Persa_PaulaDenisa_Lab5.csproj", "{0C8E5571-DA83-44FC-8AE6-F8761F6ECA7F}"
EndProject
Project("{FAE04EC0-301F-11D3-BF4B-00C04F79EFBC}") = "AutoLotModel", "..\AutoLotModel\AutoLotModel.csproj", "{7D7D85DD-96BF-42C7-81BD-32005ADD0060}"
EndProject
Global
	GlobalSection(SolutionConfigurationPlatforms) = preSolution
		Debug|Any CPU = Debug|Any CPU
		Release|Any CPU = Release|Any CPU
	EndGlobalSection
	GlobalSection(ProjectConfigurationPlatforms) = postSolution
		{0C8E5571-DA83-44FC-8AE6-F8761F6ECA7F}.Debug|Any CPU.ActiveCfg = Debug|Any CPU
		{0C8E5571-DA83-44FC-8AE6-F8761F6ECA7F}.Debug|Any CPU.Build.0 = Debug|Any CPU
		{0C8E5571-DA83-44FC-8AE6-F8761F6ECA7F}.Release|Any CPU.ActiveCfg = Release|Any CPU
		{0C8E5571-DA83-44FC-8AE6-F8761F6ECA7F}.Release|Any CPU.Build.0 = Release|Any CPU
		{7D7D85DD-96BF-42C7-81BD-32005ADD0060}.Debug|Any CPU.ActiveCfg = Debug|Any CPU
		{7D7D85DD-96BF-42C7-81BD-32005ADD0060}.Debug|Any CPU.Build.0 = Debug|Any CPU
		{7D7D85DD-96BF-42C7-81BD-32005ADD0060}.Release|Any CPU.ActiveCfg = Release|Any CPU
		{7D7D85DD-96BF-42C7-81BD-32005ADD0060}.Release|Any CPU.Build.0 = Release|Any CPU
	EndGlobalSection
	GlobalSection(SolutionProperties) = preSolution
		HideSolutionNode = FALSE
	EndGlobalSection
	GlobalSection(ExtensibilityGlobals) = postSolution
		SolutionGuid = {8C2F88C1-D223-4267-81F3-6171CB7FBE04}
	EndGlobalSection
EndGlobal
